
Microsoft Visual Studio Solution File, Format Version 12.00
# Visual Studio Version 17
VisualStudioVersion = 17.13.35931.197 d17.13
MinimumVisualStudioVersion = 10.0.40219.1
Project("{FAE04EC0-301F-11D3-BF4B-00C04F79EFBC}") = "Web-App-Dev", "Web-App-Dev\Web-App-Dev.csproj", "{F3FBF948-046D-458E-9501-A4010865FE2C}"
EndProject
Global
	GlobalSection(SolutionConfigurationPlatforms) = preSolution
		Debug|Any CPU = Debug|Any CPU
		Release|Any CPU = Release|Any CPU
	EndGlobalSection
	GlobalSection(ProjectConfigurationPlatforms) = postSolution
		{F3FBF948-046D-458E-9501-A4010865FE2C}.Debug|Any CPU.ActiveCfg = Debug|Any CPU
		{F3FBF948-046D-458E-9501-A4010865FE2C}.Debug|Any CPU.Build.0 = Debug|Any CPU
		{F3FBF948-046D-458E-9501-A4010865FE2C}.Release|Any CPU.ActiveCfg = Release|Any CPU
		{F3FBF948-046D-458E-9501-A4010865FE2C}.Release|Any CPU.Build.0 = Release|Any CPU
	EndGlobalSection
	GlobalSection(SolutionProperties) = preSolution
		HideSolutionNode = FALSE
	EndGlobalSection
	GlobalSection(ExtensibilityGlobals) = postSolution
		SolutionGuid = {7EDDCBAA-576A-46E4-ADC0-6B5716DE1906}
	EndGlobalSection
EndGlobal
